{
  "name": "qt-styles",
  "version": "0.0.1",
  "lockfileVersion": 1,
  "requires": true,
  "dependencies": {
    "inert-entry-webpack-plugin": {
      "version": "4.0.2",
      "resolved": "https://registry.npmjs.org/inert-entry-webpack-plugin/-/inert-entry-webpack-plugin-4.0.2.tgz",
      "integrity": "sha512-OrZGqX17UJ2c8G+6YGIlhb3CeAHhhXzt7JioUlqQJY9fgq6/A3eqh9ZqnUT7DMVDEyLZA4ETZlnc0tniSluEqw==",
      "requires": {
        "webpack-sources": "^1.1.0"
      }
    },
    "less": {
      "version": "3.9.0",
      "resolved": "https://registry.npmjs.org/less/-/less-3.9.0.tgz",
      "integrity": "sha512-31CmtPEZraNUtuUREYjSqRkeETFdyEHSEPAGq4erDlUXtda7pzNmctdljdIagSb589d/qXGWiiP31R5JVf+v0w==",
      "requires": {
        "clone": "^2.1.2",
        "errno": "^0.1.1",
        "graceful-fs": "^4.1.2",
        "image-size": "~0.5.0",
        "mime": "^1.4.1",
        "mkdirp": "^0.5.0",
        "promise": "^7.1.1",
        "request": "^2.83.0",
        "source-map": "~0.6.0"
      }
    },
    "webpack": {
      "version": "4.29.6",
      "resolved": "https://registry.npmjs.org/webpack/-/webpack-4.29.6.tgz",
      "integrity": "sha512-MwBwpiE1BQpMDkbnUUaW6K8RFZjljJHArC6tWQJoFm0oQtfoSebtg4Y7/QHnJ/SddtjYLHaKGX64CFjG5rehJw==",
      "requires": {
        "@webassemblyjs/ast": "1.8.5",
        "@webassemblyjs/helper-module-context": "1.8.5",
        "@webassemblyjs/wasm-edit": "1.8.5",
        "@webassemblyjs/wasm-parser": "1.8.5",
        "acorn": "^6.0.5",
        "acorn-dynamic-import": "^4.0.0",
        "ajv": "^6.1.0",
        "ajv-keywords": "^3.1.0",
        "chrome-trace-event": "^1.0.0",
        "enhanced-resolve": "^4.1.0",
        "eslint-scope": "^4.0.0",
        "json-parse-better-errors": "^1.0.2",
        "loader-runner": "^2.3.0",
        "loader-utils": "^1.1.0",
        "memory-fs": "~0.4.1",
        "micromatch": "^3.1.8",
        "mkdirp": "~0.5.0",
        "neo-async": "^2.5.0",
        "node-libs-browser": "^2.0.0",
        "schema-utils": "^1.0.0",
        "tapable": "^1.1.0",
        "terser-webpack-plugin": "^1.1.0",
        "watchpack": "^1.5.0",
        "webpack-sources": "^1.3.0"
      }
    },
    "webpack-sources": {
      "version": "1.3.0",
      "resolved": "https://registry.npmjs.org/webpack-sources/-/webpack-sources-1.3.0.tgz",
      "integrity": "sha512-OiVgSrbGu7NEnEvQJJgdSFPl2qWKkWq5lHMhgiToIiN9w34EBnjYzSYs+VbL5KoYiLNtFFa7BZIKxRED3I32pA==",
      "requires": {
        "source-list-map": "^2.0.0",
        "source-map": "~0.6.1"
      },
      "dependencies": {
        "source-list-map": {
          "version": "2.0.1",
          "resolved": "https://registry.npmjs.org/source-list-map/-/source-list-map-2.0.1.tgz",
          "integrity": "sha512-qnQ7gVMxGNxsiL4lEuJwe/To8UnK7fAnmbGEEH8RpLouuKbeEm0lhbQVFIrNSuB+G7tVrAlVsZgETT5nljf+Iw=="
        },
        "source-map": {
          "version": "0.6.1",
          "resolved": "https://registry.npmjs.org/source-map/-/source-map-0.6.1.tgz",
          "integrity": "sha512-UjgapumWlbMhkBgzT7Ykc5YXUT46F0iKu8SGXq0bcwP5dz/h0Plj6enJqjz1Zbq2l5WaqYnrVbwWOWMyF3F47g=="
        }
      }
    }
  }
}
